
Microsoft Visual Studio Solution File, Format Version 12.00
# Visual Studio Version 17
VisualStudioVersion = 17.10.35122.118
MinimumVisualStudioVersion = 10.0.40219.1
Project("{FAE04EC0-301F-11D3-BF4B-00C04F79EFBC}") = "webAPI-SwiftMT799", "webAPI-SwiftMT799\webAPI-SwiftMT799.csproj", "{0BCFE637-924B-49C3-9280-6B1AAD11AF9A}"
EndProject
Global
	GlobalSection(SolutionConfigurationPlatforms) = preSolution
		Debug|Any CPU = Debug|Any CPU
		Release|Any CPU = Release|Any CPU
	EndGlobalSection
	GlobalSection(ProjectConfigurationPlatforms) = postSolution
		{0BCFE637-924B-49C3-9280-6B1AAD11AF9A}.Debug|Any CPU.ActiveCfg = Debug|Any CPU
		{0BCFE637-924B-49C3-9280-6B1AAD11AF9A}.Debug|Any CPU.Build.0 = Debug|Any CPU
		{0BCFE637-924B-49C3-9280-6B1AAD11AF9A}.Release|Any CPU.ActiveCfg = Release|Any CPU
		{0BCFE637-924B-49C3-9280-6B1AAD11AF9A}.Release|Any CPU.Build.0 = Release|Any CPU
	EndGlobalSection
	GlobalSection(SolutionProperties) = preSolution
		HideSolutionNode = FALSE
	EndGlobalSection
	GlobalSection(ExtensibilityGlobals) = postSolution
		SolutionGuid = {B9895BC2-5BD9-4C4C-9130-5D2724FBCA0E}
	EndGlobalSection
EndGlobal
